<?xml version="1.0" encoding="utf-8"?>
<Project ToolsVersion="4.0" xmlns="http://schemas.microsoft.com/developer/msbuild/2003">
  <ItemGroup>
    <Filter Include="Pliki źródłowe">
      <UniqueIdentifier>{4FC737F1-C7A5-4376-A066-2A32D752A2FF}</UniqueIdentifier>
      <Extensions>cpp;c;cc;cxx;c++;def;odl;idl;hpj;bat;asm;asmx</Extensions>
    </Filter>
    <Filter Include="Pliki nagłówkowe">
      <UniqueIdentifier>{93995380-89BD-4b04-88EB-625FBE52EBFB}</UniqueIdentifier>
      <Extensions>h;hh;hpp;hxx;h++;hm;inl;inc;ipp;xsd</Extensions>
    </Filter>
    <Filter Include="Pliki zasobów">
      <UniqueIdentifier>{67DA6AB6-F800-4c08-8B7A-83BB121AAD01}</UniqueIdentifier>
      <Extensions>rc;ico;cur;bmp;dlg;rc2;rct;bin;rgs;gif;jpg;jpeg;jpe;resx;tiff;tif;png;wav;mfcribbon-ms</Extensions>
    </Filter>
    <Filter Include="Pliki nagłówkowe\Interface">
      <UniqueIdentifier>{7aad2048-caa3-4229-984e-6375def0ca27}</UniqueIdentifier>
    </Filter>
    <Filter Include="Pliki nagłówkowe\Logic">
      <UniqueIdentifier>{98257e96-a280-4c5c-b373-ea812570b178}</UniqueIdentifier>
    </Filter>
    <Filter Include="Pliki źródłowe\Interface">
      <UniqueIdentifier>{1b238a8c-94b1-4074-a54a-ef922e7c6491}</UniqueIdentifier>
    </Filter>
    <Filter Include="Pliki źródłowe\Logic">
      <UniqueIdentifier>{1a335d9f-fb94-4c27-9553-966a26773c7e}</UniqueIdentifier>
    </Filter>
  </ItemGroup>
  <ItemGroup>
    <ClCompile Include="main.cpp">
      <Filter>Pliki zasobów</Filter>
    </ClCompile>
    <ClCompile Include="RootFrame.cpp">
      <Filter>Pliki źródłowe\Interface</Filter>
    </ClCompile>
    <ClCompile Include="Action.cpp">
      <Filter>Pliki źródłowe\Logic</Filter>
    </ClCompile>
    <ClCompile Include="Activity.cpp">
      <Filter>Pliki źródłowe\Logic</Filter>
    </ClCompile>
    <ClCompile Include="Enemy.cpp">
      <Filter>Pliki źródłowe\Logic</Filter>
    </ClCompile>
    <ClCompile Include="Hero.cpp">
      <Filter>Pliki źródłowe\Logic</Filter>
    </ClCompile>
    <ClCompile Include="Game.cpp">
      <Filter>Pliki źródłowe\Logic</Filter>
    </ClCompile>
    <ClCompile Include="GameSettings.cpp">
      <Filter>Pliki źródłowe\Logic</Filter>
    </ClCompile>
    <ClCompile Include="Deck.cpp">
      <Filter>Pliki źródłowe\Logic</Filter>
    </ClCompile>
    <ClCompile Include="StatusValues.cpp">
      <Filter>Pliki źródłowe\Logic</Filter>
    </ClCompile>
  </ItemGroup>
  <ItemGroup>
    <ClInclude Include="RootFrame.h">
      <Filter>Pliki nagłówkowe\Interface</Filter>
    </ClInclude>
    <ClInclude Include="Action.h">
      <Filter>Pliki nagłówkowe\Logic</Filter>
    </ClInclude>
    <ClInclude Include="Activity.h">
      <Filter>Pliki nagłówkowe\Logic</Filter>
    </ClInclude>
    <ClInclude Include="Enemy.h">
      <Filter>Pliki nagłówkowe\Logic</Filter>
    </ClInclude>
    <ClInclude Include="Hero.h">
      <Filter>Pliki nagłówkowe\Logic</Filter>
    </ClInclude>
    <ClInclude Include="Game.h">
      <Filter>Pliki nagłówkowe\Logic</Filter>
    </ClInclude>
    <ClInclude Include="GameSettings.h">
      <Filter>Pliki nagłówkowe\Logic</Filter>
    </ClInclude>
    <ClInclude Include="Deck.h">
      <Filter>Pliki nagłówkowe\Logic</Filter>
    </ClInclude>
    <ClInclude Include="StatusValues.h">
      <Filter>Pliki nagłówkowe\Logic</Filter>
    </ClInclude>
  </ItemGroup>
</Project>